
Microsoft Visual Studio Solution File, Format Version 12.00
# Visual Studio 15
Project("{F2A71F9B-5D33-465A-A702-920D77279786}") = "Syntax", "Syntax\Syntax.fsproj", "{BFEFF42F-5009-4A1C-A013-D28A02A0024B}"
EndProject
Project("{F2A71F9B-5D33-465A-A702-920D77279786}") = "Tests", "Tests\Tests.fsproj", "{E663E4FC-FA07-4674-8C93-10E498E50444}"
EndProject
Project("{F2A71F9B-5D33-465A-A702-920D77279786}") = "Service", "Service\Service.fsproj", "{30497741-8A3A-4FF8-9A39-5101BA83799C}"
EndProject
Project("{F2A71F9B-5D33-465A-A702-920D77279786}") = "Editor", "Editor\Editor.fsproj", "{FF46EBE1-8AFB-480C-8661-3EE30485D8B6}"
EndProject
Global
	GlobalSection(SolutionConfigurationPlatforms) = preSolution
		Debug|Any CPU = Debug|Any CPU
		Release|Any CPU = Release|Any CPU
	EndGlobalSection
	GlobalSection(ProjectConfigurationPlatforms) = postSolution
		{BFEFF42F-5009-4A1C-A013-D28A02A0024B}.Debug|Any CPU.ActiveCfg = Debug|Any CPU
		{BFEFF42F-5009-4A1C-A013-D28A02A0024B}.Debug|Any CPU.Build.0 = Debug|Any CPU
		{BFEFF42F-5009-4A1C-A013-D28A02A0024B}.Release|Any CPU.ActiveCfg = Release|Any CPU
		{BFEFF42F-5009-4A1C-A013-D28A02A0024B}.Release|Any CPU.Build.0 = Release|Any CPU
		{E663E4FC-FA07-4674-8C93-10E498E50444}.Debug|Any CPU.ActiveCfg = Debug|Any CPU
		{E663E4FC-FA07-4674-8C93-10E498E50444}.Debug|Any CPU.Build.0 = Debug|Any CPU
		{E663E4FC-FA07-4674-8C93-10E498E50444}.Release|Any CPU.ActiveCfg = Release|Any CPU
		{E663E4FC-FA07-4674-8C93-10E498E50444}.Release|Any CPU.Build.0 = Release|Any CPU
		{30497741-8A3A-4FF8-9A39-5101BA83799C}.Debug|Any CPU.ActiveCfg = Debug|Any CPU
		{30497741-8A3A-4FF8-9A39-5101BA83799C}.Debug|Any CPU.Build.0 = Debug|Any CPU
		{30497741-8A3A-4FF8-9A39-5101BA83799C}.Release|Any CPU.ActiveCfg = Release|Any CPU
		{30497741-8A3A-4FF8-9A39-5101BA83799C}.Release|Any CPU.Build.0 = Release|Any CPU
		{FF46EBE1-8AFB-480C-8661-3EE30485D8B6}.Debug|Any CPU.ActiveCfg = Debug|Any CPU
		{FF46EBE1-8AFB-480C-8661-3EE30485D8B6}.Debug|Any CPU.Build.0 = Debug|Any CPU
		{FF46EBE1-8AFB-480C-8661-3EE30485D8B6}.Release|Any CPU.ActiveCfg = Release|Any CPU
		{FF46EBE1-8AFB-480C-8661-3EE30485D8B6}.Release|Any CPU.Build.0 = Release|Any CPU
	EndGlobalSection
EndGlobal
